{
  "lockfileVersion": 2,
  "configVersion": 1,
  "workspaces": {
    "": {
      "name": "circuit-to-wokwi",
      "dependencies": {
        "@tscircuit/circuit-json-util": "0.0.116",
        "@wokwi/diagram-lint": "0.1.1",
        "circuit-json": "0.0.500",
        "circuit-json-to-connectivity-map": "0.0.31",
      },
      "devDependencies": {
        "@types/bun": "latest",
        "typescript": "^5",
      },
    },
  },
  "packages": {
    "@flatten-js/core": ["@flatten-js/core@1.6.14", "", { "dependencies": { "@flatten-js/interval-tree": "^2.0.0" } }, "sha512-9Aa7Y+tTDtTGjL2mH5dYAGeY43CISj0w1DxQ0MPxgWnwVuIJV6jzRlTNHGSeJEnleMngldwdZORarOMcszqpLg=="],

    "@flatten-js/interval-tree": ["@flatten-js/interval-tree@2.0.3", "", { "dependencies": { "tslib": "^2.8.1" } }, "sha512-Lv3eaITqU20WD+5W8L7JeJdjDXC9hfTUEzY0cRLx/sXj1+P3XdK6Fig4UdxvsekakTK8XeOwnpAKEpTI728U4g=="],

    "@tscircuit/circuit-json-util": ["@tscircuit/circuit-json-util@0.0.116", "", { "dependencies": { "@flatten-js/core": "^1.6.14", "parsel-js": "^1.1.2" }, "peerDependencies": { "circuit-json": "*", "transformation-matrix": "*", "zod": "3" } }, "sha512-umIO/hRQlgcU4GpKTbmv6D87RUJ8yNeSjJrTeUP1t2sUZXJXyJHI/7iL4lAAsewY8md1otGUZYBZNG7xfG2cXg=="],

    "@tscircuit/math-utils": ["@tscircuit/math-utils@0.0.9", "", { "peerDependencies": { "typescript": "^5.0.0" } }, "sha512-sPzfXndijet8z29X6f5vnSZddiso2tRg7m6rB+268bVj60mxnxUMD14rKuMlLn6n84fMOpD/X7pRTZUfi6M+Tg=="],

    "@types/bun": ["@types/bun@1.4.2", "", { "dependencies": { "bun-types": "1.4.2" } }, "sha512-GimotNn7+ZV0uVArItBbriZsR1oNf0+WTzPkdcFrzShI7k2norL0uzEaJT8T33dWr7O/c9ZDuAFQrctKCi72oQ=="],

    "@types/node": ["@types/node@26.6.2", "", { "dependencies": { "undici-types": "~8.9.0" } }, "sha512-X1P21scMv4zGKLYqjdGjaKa7COa0RKVYYZZN/NfvLQ1JegxFhdhpZG/Lyn8AXx6CDUavKAd11v6BvfpkDByK8g=="],

    "@wokwi/diagram-lint": ["@wokwi/diagram-lint@0.1.1", "", {}, "sha512-9MuJTLmcsu2gZrzmGMkQkld8sd2uHMDaVHod+WRyAQLRSLbGyJA4auT05r3Gum8MDGyOhaj+apaO5Ij/mgP1Yw=="],

    "bun-types": ["bun-types@1.4.2", "", { "dependencies": { "@types/node": "*" } }, "sha512-bxV1FgK7yBIzjRe5zBozIM4Bem11ZJcCXSrjWRG3YWLt8yFDePu4cLjpebO8OvPeIE9trbyPF4fuj3Cia4Fj3w=="],

    "circuit-json": ["circuit-json@0.0.500", "", { "peerDependencies": { "format-si-unit": "*" } }, "sha512-OE4cWo1sww+tXDzco39zmkG/poorlQTv2vINCxKGhfhP4C21A6miXzbC9mf1HyaBZc3aVYA9pPsqPTHts3SPfA=="],

    "circuit-json-to-connectivity-map": ["circuit-json-to-connectivity-map@0.0.31", "", { "dependencies": { "@tscircuit/math-utils": "^0.0.9" }, "peerDependencies": { "typescript": "^5.9.3" } }, "sha512-dvn4YW+IQxwOsEh6OnWPXEMXO5qhYU77ACeAzUDrY3N9O9pRUAccrRetOdEJRr7FPEvjjLoaeVyXgdSBbXHwyA=="],

    "format-si-unit": ["format-si-unit@0.0.14", "", { "peerDependencies": { "typescript": "^5.0.0" } }, "sha512-HjWPswASCwjjZtEOLugBXENtV0MeySzXVUQKJREhr5N0moWatjBYshTgfetUnPYl07nFgq3uEACsXffA9oE5Hw=="],

    "parsel-js": ["parsel-js@1.2.3", "", {}, "sha512-kJHFmSNnujpusFfVEXjNaoJ09VYHF8Ih0aVUn7Clu+Ug8AFoA2wx7Ezh17JfW4+vhm/lauAd9A+//uFkmydZtQ=="],

    "transformation-matrix": ["transformation-matrix@3.1.0", "", {}, "sha512-oYubRWTi2tYFHAL2J8DLvPIqIYcYZ0fSOi2vmSy042Ho4jBW2ce6VP7QfD44t65WQz6bw5w1Pk22J7lcUpaTKA=="],

    "tslib": ["tslib@2.8.1", "", {}, "sha512-oJFu94HQb+KVduSUQL7wnpmqnfmLsOA/nAh6b6EH0wCEoK0/mPeXU6c3wKDV83MkOuHPRHtSXKKU99IBazS/2w=="],

    "typescript": ["typescript@5.9.3", "", { "bin": { "tsc": "bin/tsc", "tsserver": "bin/tsserver" } }, "sha512-jl1vZzPDinLr9eUt3J/t7V6FgNEw9QjvBPdysz9KfQDD41fQrC2Y4vKQdiaUpFT4bXlb1RHhLpp8wtm6M5TgSw=="],

    "undici-types": ["undici-types@8.9.0", "", {}, "sha512-KTDyRTYX8sWmKXAikPHHSyc63CRPETMctyjKFupcC6OBLXT3xsN0e9aF7m+mIXutFWpUXuedtowG7iLOzp0kQg=="],

    "zod": ["zod@3.25.76", "", {}, "sha512-gzUt/qt81nXsFGKIFcC3YnfEAx5NkunCfnDlvuBSSFS02bcXu4Lmea0AFIUwbLWxWPx3d9p8S5QoaujKcNQxcQ=="],
  }
}
